
Microsoft Visual Studio Solution File, Format Version 12.00
# Visual Studio Version 17
VisualStudioVersion = 17.3.32929.385
MinimumVisualStudioVersion = 10.0.40219.1
Project("{FAE04EC0-301F-11D3-BF4B-00C04F79EFBC}") = "GuessTheThing", "GuessTheThing\GuessTheThing.csproj", "{170A0B3C-6DCE-43BE-8D0C-064534179C86}"
EndProject
Global
	GlobalSection(SolutionConfigurationPlatforms) = preSolution
		Debug|Any CPU = Debug|Any CPU
		Release|Any CPU = Release|Any CPU
	EndGlobalSection
	GlobalSection(ProjectConfigurationPlatforms) = postSolution
		{170A0B3C-6DCE-43BE-8D0C-064534179C86}.Debug|Any CPU.ActiveCfg = Debug|Any CPU
		{170A0B3C-6DCE-43BE-8D0C-064534179C86}.Debug|Any CPU.Build.0 = Debug|Any CPU
		{170A0B3C-6DCE-43BE-8D0C-064534179C86}.Release|Any CPU.ActiveCfg = Release|Any CPU
		{170A0B3C-6DCE-43BE-8D0C-064534179C86}.Release|Any CPU.Build.0 = Release|Any CPU
	EndGlobalSection
	GlobalSection(SolutionProperties) = preSolution
		HideSolutionNode = FALSE
	EndGlobalSection
	GlobalSection(ExtensibilityGlobals) = postSolution
		SolutionGuid = {68AF3A04-B1A4-4A13-96E6-41B288069594}
	EndGlobalSection
EndGlobal
